// !$*UTF8*$!
{
	archiveVersion = 1;
	classes = {
	};
	objectVersion = 55;
	objects = {

/* Begin PBXBuildFile section */
		069CDA4F273C09BA00F16662 /* AppDelegate.swift in Sources */ = {isa = PBXBuildFile; fileRef = 069CDA4E273C09BA00F16662 /* AppDelegate.swift */; };
		069CDA51273C09BA00F16662 /* SceneDelegate.swift in Sources */ = {isa = PBXBuildFile; fileRef = 069CDA50273C09BA00F16662 /* SceneDelegate.swift */; };
		069CDA53273C09BA00F16662 /* ConversationsViewController.swift in Sources */ = {isa = PBXBuildFile; fileRef = 069CDA52273C09BA00F16662 /* ConversationsViewController.swift */; };
		069CDA56273C09BA00F16662 /* Main.storyboard in Resources */ = {isa = PBXBuildFile; fileRef = 069CDA54273C09BA00F16662 /* Main.storyboard */; };
		069CDA58273C09BB00F16662 /* Assets.xcassets in Resources */ = {isa = PBXBuildFile; fileRef = 069CDA57273C09BB00F16662 /* Assets.xcassets */; };
		069CDA5B273C09BB00F16662 /* LaunchScreen.storyboard in Resources */ = {isa = PBXBuildFile; fileRef = 069CDA59273C09BB00F16662 /* LaunchScreen.storyboard */; };
		069CDA69273C0E8C00F16662 /* LoginViewController.swift in Sources */ = {isa = PBXBuildFile; fileRef = 069CDA68273C0E8C00F16662 /* LoginViewController.swift */; };
		069CDA6B273C0E9C00F16662 /* RegisterViewController.swift in Sources */ = {isa = PBXBuildFile; fileRef = 069CDA6A273C0E9C00F16662 /* RegisterViewController.swift */; };
		069CDA6D273C0EBC00F16662 /* PhotoViewerViewController.swift in Sources */ = {isa = PBXBuildFile; fileRef = 069CDA6C273C0EBC00F16662 /* PhotoViewerViewController.swift */; };
		069CDA6F273C0EDB00F16662 /* VideoPlayerViewController.swift in Sources */ = {isa = PBXBuildFile; fileRef = 069CDA6E273C0EDB00F16662 /* VideoPlayerViewController.swift */; };
		069CDA71273C0EFF00F16662 /* NewConversationViewController.swift in Sources */ = {isa = PBXBuildFile; fileRef = 069CDA70273C0EFF00F16662 /* NewConversationViewController.swift */; };
		069CDA73273C0F1600F16662 /* ProfileViewController.swift in Sources */ = {isa = PBXBuildFile; fileRef = 069CDA72273C0F1600F16662 /* ProfileViewController.swift */; };
		069CDA76273C144C00F16662 /* Extensions.swift in Sources */ = {isa = PBXBuildFile; fileRef = 069CDA75273C144C00F16662 /* Extensions.swift */; };
/* End PBXBuildFile section */

/* Begin PBXFileReference section */
		069CDA4B273C09BA00F16662 /* Schingen.app */ = {isa = PBXFileReference; explicitFileType = wrapper.application; includeInIndex = 0; path = Schingen.app; sourceTree = BUILT_PRODUCTS_DIR; };
		069CDA4E273C09BA00F16662 /* AppDelegate.swift */ = {isa = PBXFileReference; lastKnownFileType = sourcecode.swift; path = AppDelegate.swift; sourceTree = "<group>"; };
		069CDA50273C09BA00F16662 /* SceneDelegate.swift */ = {isa = PBXFileReference; lastKnownFileType = sourcecode.swift; path = SceneDelegate.swift; sourceTree = "<group>"; };
		069CDA52273C09BA00F16662 /* ConversationsViewController.swift */ = {isa = PBXFileReference; lastKnownFileType = sourcecode.swift; path = ConversationsViewController.swift; sourceTree = "<group>"; };
		069CDA55273C09BA00F16662 /* Base */ = {isa = PBXFileReference; lastKnownFileType = file.storyboard; name = Base; path = Base.lproj/Main.storyboard; sourceTree = "<group>"; };
		069CDA57273C09BB00F16662 /* Assets.xcassets */ = {isa = PBXFileReference; lastKnownFileType = folder.assetcatalog; path = Assets.xcassets; sourceTree = "<group>"; };
		069CDA5A273C09BB00F16662 /* Base */ = {isa = PBXFileReference; lastKnownFileType = file.storyboard; name = Base; path = Base.lproj/LaunchScreen.storyboard; sourceTree = "<group>"; };
		069CDA5C273C09BB00F16662 /* Info.plist */ = {isa = PBXFileReference; lastKnownFileType = text.plist.xml; path = Info.plist; sourceTree = "<group>"; };
		069CDA68273C0E8C00F16662 /* LoginViewController.swift */ = {isa = PBXFileReference; lastKnownFileType = sourcecode.swift; path = LoginViewController.swift; sourceTree = "<group>"; };
		069CDA6A273C0E9C00F16662 /* RegisterViewController.swift */ = {isa = PBXFileReference; lastKnownFileType = sourcecode.swift; path = RegisterViewController.swift; sourceTree = "<group>"; };
		069CDA6C273C0EBC00F16662 /* PhotoViewerViewController.swift */ = {isa = PBXFileReference; lastKnownFileType = sourcecode.swift; path = PhotoViewerViewController.swift; sourceTree = "<group>"; };
		069CDA6E273C0EDB00F16662 /* VideoPlayerViewController.swift */ = {isa = PBXFileReference; lastKnownFileType = sourcecode.swift; path = VideoPlayerViewController.swift; sourceTree = "<group>"; };
		069CDA70273C0EFF00F16662 /* NewConversationViewController.swift */ = {isa = PBXFileReference; lastKnownFileType = sourcecode.swift; path = NewConversationViewController.swift; sourceTree = "<group>"; };
		069CDA72273C0F1600F16662 /* ProfileViewController.swift */ = {isa = PBXFileReference; lastKnownFileType = sourcecode.swift; path = ProfileViewController.swift; sourceTree = "<group>"; };
		069CDA75273C144C00F16662 /* Extensions.swift */ = {isa = PBXFileReference; lastKnownFileType = sourcecode.swift; path = Extensions.swift; sourceTree = "<group>"; };
/* End PBXFileReference section */

/* Begin PBXFrameworksBuildPhase section */
		069CDA48273C09BA00F16662 /* Frameworks */ = {
			isa = PBXFrameworksBuildPhase;
			buildActionMask = 2147483647;
			files = (
			);
			runOnlyForDeploymentPostprocessing = 0;
		};
/* End PBXFrameworksBuildPhase section */

/* Begin PBXGroup section */
		069CDA42273C09BA00F16662 = {
			isa = PBXGroup;
			children = (
				069CDA4D273C09BA00F16662 /* Schingen */,
				069CDA4C273C09BA00F16662 /* Products */,
			);
			sourceTree = "<group>";
		};
		069CDA4C273C09BA00F16662 /* Products */ = {
			isa = PBXGroup;
			children = (
				069CDA4B273C09BA00F16662 /* Schingen.app */,
			);
			name = Products;
			sourceTree = "<group>";
		};
		069CDA4D273C09BA00F16662 /* Schingen */ = {
			isa = PBXGroup;
			children = (
				069CDA66273C0D7200F16662 /* Resources */,
				069CDA65273C0D6900F16662 /* ViewModels */,
				069CDA64273C0D6100F16662 /* Models */,
				069CDA63273C0D5B00F16662 /* Views */,
				069CDA62273C0D5000F16662 /* Controllers */,
				069CDA5C273C09BB00F16662 /* Info.plist */,
			);
			path = Schingen;
			sourceTree = "<group>";
		};
		069CDA62273C0D5000F16662 /* Controllers */ = {
			isa = PBXGroup;
			children = (
				069CDA52273C09BA00F16662 /* ConversationsViewController.swift */,
				069CDA74273C100100F16662 /* Login */,
				069CDA6C273C0EBC00F16662 /* PhotoViewerViewController.swift */,
				069CDA6E273C0EDB00F16662 /* VideoPlayerViewController.swift */,
				069CDA70273C0EFF00F16662 /* NewConversationViewController.swift */,
				069CDA72273C0F1600F16662 /* ProfileViewController.swift */,
			);
			path = Controllers;
			sourceTree = "<group>";
		};
		069CDA63273C0D5B00F16662 /* Views */ = {
			isa = PBXGroup;
			children = (
				069CDA67273C0DA500F16662 /* Storyboards */,
				069CDA57273C09BB00F16662 /* Assets.xcassets */,
			);
			path = Views;
			sourceTree = "<group>";
		};
		069CDA64273C0D6100F16662 /* Models */ = {
			isa = PBXGroup;
			children = (
			);
			path = Models;
			sourceTree = "<group>";
		};
		069CDA65273C0D6900F16662 /* ViewModels */ = {
			isa = PBXGroup;
			children = (
			);
			path = ViewModels;
			sourceTree = "<group>";
		};
		069CDA66273C0D7200F16662 /* Resources */ = {
			isa = PBXGroup;
			children = (
				069CDA4E273C09BA00F16662 /* AppDelegate.swift */,
				069CDA50273C09BA00F16662 /* SceneDelegate.swift */,
				069CDA75273C144C00F16662 /* Extensions.swift */,
			);
			path = Resources;
			sourceTree = "<group>";
		};
		069CDA67273C0DA500F16662 /* Storyboards */ = {
			isa = PBXGroup;
			children = (
				069CDA54273C09BA00F16662 /* Main.storyboard */,
				069CDA59273C09BB00F16662 /* LaunchScreen.storyboard */,
			);
			path = Storyboards;
			sourceTree = "<group>";
		};
		069CDA74273C100100F16662 /* Login */ = {
			isa = PBXGroup;
			children = (
				069CDA68273C0E8C00F16662 /* LoginViewController.swift */,
				069CDA6A273C0E9C00F16662 /* RegisterViewController.swift */,
			);
			path = Login;
			sourceTree = "<group>";
		};
/* End PBXGroup section */

/* Begin PBXNativeTarget section */
		069CDA4A273C09BA00F16662 /* Schingen */ = {
			isa = PBXNativeTarget;
			buildConfigurationList = 069CDA5F273C09BB00F16662 /* Build configuration list for PBXNativeTarget "Schingen" */;
			buildPhases = (
				069CDA47273C09BA00F16662 /* Sources */,
				069CDA48273C09BA00F16662 /* Frameworks */,
				069CDA49273C09BA00F16662 /* Resources */,
			);
			buildRules = (
			);
			dependencies = (
			);
			name = Schingen;
			productName = Schingen;
			productReference = 069CDA4B273C09BA00F16662 /* Schingen.app */;
			productType = "com.apple.product-type.application";
		};
/* End PBXNativeTarget section */

/* Begin PBXProject section */
		069CDA43273C09BA00F16662 /* Project object */ = {
			isa = PBXProject;
			attributes = {
				BuildIndependentTargetsInParallel = 1;
				LastSwiftUpdateCheck = 1310;
				LastUpgradeCheck = 1310;
				TargetAttributes = {
					069CDA4A273C09BA00F16662 = {
						CreatedOnToolsVersion = 13.1;
					};
				};
			};
			buildConfigurationList = 069CDA46273C09BA00F16662 /* Build configuration list for PBXProject "Schingen" */;
			compatibilityVersion = "Xcode 13.0";
			developmentRegion = en;
			hasScannedForEncodings = 0;
			knownRegions = (
				en,
				Base,
			);
			mainGroup = 069CDA42273C09BA00F16662;
			productRefGroup = 069CDA4C273C09BA00F16662 /* Products */;
			projectDirPath = "";
			projectRoot = "";
			targets = (
				069CDA4A273C09BA00F16662 /* Schingen */,
			);
		};
/* End PBXProject section */

/* Begin PBXResourcesBuildPhase section */
		069CDA49273C09BA00F16662 /* Resources */ = {
			isa = PBXResourcesBuildPhase;
			buildActionMask = 2147483647;
			files = (
				069CDA5B273C09BB00F16662 /* LaunchScreen.storyboard in Resources */,
				069CDA58273C09BB00F16662 /* Assets.xcassets in Resources */,
				069CDA56273C09BA00F16662 /* Main.storyboard in Resources */,
			);
			runOnlyForDeploymentPostprocessing = 0;
		};
/* End PBXResourcesBuildPhase section */

/* Begin PBXSourcesBuildPhase section */
		069CDA47273C09BA00F16662 /* Sources */ = {
			isa = PBXSourcesBuildPhase;
			buildActionMask = 2147483647;
			files = (
				069CDA69273C0E8C00F16662 /* LoginViewController.swift in Sources */,
				069CDA6B273C0E9C00F16662 /* RegisterViewController.swift in Sources */,
				069CDA71273C0EFF00F16662 /* NewConversationViewController.swift in Sources */,
				069CDA53273C09BA00F16662 /* ConversationsViewController.swift in Sources */,
				069CDA6F273C0EDB00F16662 /* VideoPlayerViewController.swift in Sources */,
				069CDA76273C144C00F16662 /* Extensions.swift in Sources */,
				069CDA4F273C09BA00F16662 /* AppDelegate.swift in Sources */,
				069CDA73273C0F1600F16662 /* ProfileViewController.swift in Sources */,
				069CDA51273C09BA00F16662 /* SceneDelegate.swift in Sources */,
				069CDA6D273C0EBC00F16662 /* PhotoViewerViewController.swift in Sources */,
			);
			runOnlyForDeploymentPostprocessing = 0;
		};
/* End PBXSourcesBuildPhase section */

/* Begin PBXVariantGroup section */
		069CDA54273C09BA00F16662 /* Main.storyboard */ = {
			isa = PBXVariantGroup;
			children = (
				069CDA55273C09BA00F16662 /* Base */,
			);
			name = Main.storyboard;
			sourceTree = "<group>";
		};
		069CDA59273C09BB00F16662 /* LaunchScreen.storyboard */ = {
			isa = PBXVariantGroup;
			children = (
				069CDA5A273C09BB00F16662 /* Base */,
			);
			name = LaunchScreen.storyboard;
			sourceTree = "<group>";
		};
/* End PBXVariantGroup section */

/* Begin XCBuildConfiguration section */
		069CDA5D273C09BB00F16662 /* Debug */ = {
			isa = XCBuildConfiguration;
			buildSettings = {
				ALWAYS_SEARCH_USER_PATHS = NO;
				CLANG_ANALYZER_NONNULL = YES;
				CLANG_ANALYZER_NUMBER_OBJECT_CONVERSION = YES_AGGRESSIVE;
				CLANG_CXX_LANGUAGE_STANDARD = "gnu++17";
				CLANG_CXX_LIBRARY = "libc++";
				CLANG_ENABLE_MODULES = YES;
				CLANG_ENABLE_OBJC_ARC = YES;
				CLANG_ENABLE_OBJC_WEAK = YES;
				CLANG_WARN_BLOCK_CAPTURE_AUTORELEASING = YES;
				CLANG_WARN_BOOL_CONVERSION = YES;
				CLANG_WARN_COMMA = YES;
				CLANG_WARN_CONSTANT_CONVERSION = YES;
				CLANG_WARN_DEPRECATED_OBJC_IMPLEMENTATIONS = YES;
				CLANG_WARN_DIRECT_OBJC_ISA_USAGE = YES_ERROR;
				CLANG_WARN_DOCUMENTATION_COMMENTS = YES;
				CLANG_WARN_EMPTY_BODY = YES;
				CLANG_WARN_ENUM_CONVERSION = YES;
				CLANG_WARN_INFINITE_RECURSION = YES;
				CLANG_WARN_INT_CONVERSION = YES;
				CLANG_WARN_NON_LITERAL_NULL_CONVERSION = YES;
				CLANG_WARN_OBJC_IMPLICIT_RETAIN_SELF = YES;
				CLANG_WARN_OBJC_LITERAL_CONVERSION = YES;
				CLANG_WARN_OBJC_ROOT_CLASS = YES_ERROR;
				CLANG_WARN_QUOTED_INCLUDE_IN_FRAMEWORK_HEADER = YES;
				CLANG_WARN_RANGE_LOOP_ANALYSIS = YES;
				CLANG_WARN_STRICT_PROTOTYPES = YES;
				CLANG_WARN_SUSPICIOUS_MOVE = YES;
				CLANG_WARN_UNGUARDED_AVAILABILITY = YES_AGGRESSIVE;
				CLANG_WARN_UNREACHABLE_CODE = YES;
				CLANG_WARN__DUPLICATE_METHOD_MATCH = YES;
				COPY_PHASE_STRIP = NO;
				DEBUG_INFORMATION_FORMAT = dwarf;
				ENABLE_STRICT_OBJC_MSGSEND = YES;
				ENABLE_TESTABILITY = YES;
				GCC_C_LANGUAGE_STANDARD = gnu11;
				GCC_DYNAMIC_NO_PIC = NO;
				GCC_NO_COMMON_BLOCKS = YES;
				GCC_OPTIMIZATION_LEVEL = 0;
				GCC_PREPROCESSOR_DEFINITIONS = (
					"DEBUG=1",
					"$(inherited)",
				);
				GCC_WARN_64_TO_32_BIT_CONVERSION = YES;
				GCC_WARN_ABOUT_RETURN_TYPE = YES_ERROR;
				GCC_WARN_UNDECLARED_SELECTOR = YES;
				GCC_WARN_UNINITIALIZED_AUTOS = YES_AGGRESSIVE;
				GCC_WARN_UNUSED_FUNCTION = YES;
				GCC_WARN_UNUSED_VARIABLE = YES;
				IPHONEOS_DEPLOYMENT_TARGET = 15.0;
				MTL_ENABLE_DEBUG_INFO = INCLUDE_SOURCE;
				MTL_FAST_MATH = YES;
				ONLY_ACTIVE_ARCH = YES;
				SDKROOT = iphoneos;
				SWIFT_ACTIVE_COMPILATION_CONDITIONS = DEBUG;
				SWIFT_OPTIMIZATION_LEVEL = "-Onone";
			};
			name = Debug;
		};
		069CDA5E273C09BB00F16662 /* Release */ = {
			isa = XCBuildConfiguration;
			buildSettings = {
				ALWAYS_SEARCH_USER_PATHS = NO;
				CLANG_ANALYZER_NONNULL = YES;
				CLANG_ANALYZER_NUMBER_OBJECT_CONVERSION = YES_AGGRESSIVE;
				CLANG_CXX_LANGUAGE_STANDARD = "gnu++17";
				CLANG_CXX_LIBRARY = "libc++";
				CLANG_ENABLE_MODULES = YES;
				CLANG_ENABLE_OBJC_ARC = YES;
				CLANG_ENABLE_OBJC_WEAK = YES;
				CLANG_WARN_BLOCK_CAPTURE_AUTORELEASING = YES;
				CLANG_WARN_BOOL_CONVERSION = YES;
				CLANG_WARN_COMMA = YES;
				CLANG_WARN_CONSTANT_CONVERSION = YES;
				CLANG_WARN_DEPRECATED_OBJC_IMPLEMENTATIONS = YES;
				CLANG_WARN_DIRECT_OBJC_ISA_USAGE = YES_ERROR;
				CLANG_WARN_DOCUMENTATION_COMMENTS = YES;
				CLANG_WARN_EMPTY_BODY = YES;
				CLANG_WARN_ENUM_CONVERSION = YES;
				CLANG_WARN_INFINITE_RECURSION = YES;
				CLANG_WARN_INT_CONVERSION = YES;
				CLANG_WARN_NON_LITERAL_NULL_CONVERSION = YES;
				CLANG_WARN_OBJC_IMPLICIT_RETAIN_SELF = YES;
				CLANG_WARN_OBJC_LITERAL_CONVERSION = YES;
				CLANG_WARN_OBJC_ROOT_CLASS = YES_ERROR;
				CLANG_WARN_QUOTED_INCLUDE_IN_FRAMEWORK_HEADER = YES;
				CLANG_WARN_RANGE_LOOP_ANALYSIS = YES;
				CLANG_WARN_STRICT_PROTOTYPES = YES;
				CLANG_WARN_SUSPICIOUS_MOVE = YES;
				CLANG_WARN_UNGUARDED_AVAILABILITY = YES_AGGRESSIVE;
				CLANG_WARN_UNREACHABLE_CODE = YES;
				CLANG_WARN__DUPLICATE_METHOD_MATCH = YES;
				COPY_PHASE_STRIP = NO;
				DEBUG_INFORMATION_FORMAT = "dwarf-with-dsym";
				ENABLE_NS_ASSERTIONS = NO;
				ENABLE_STRICT_OBJC_MSGSEND = YES;
				GCC_C_LANGUAGE_STANDARD = gnu11;
				GCC_NO_COMMON_BLOCKS = YES;
				GCC_WARN_64_TO_32_BIT_CONVERSION = YES;
				GCC_WARN_ABOUT_RETURN_TYPE = YES_ERROR;
				GCC_WARN_UNDECLARED_SELECTOR = YES;
				GCC_WARN_UNINITIALIZED_AUTOS = YES_AGGRESSIVE;
				GCC_WARN_UNUSED_FUNCTION = YES;
				GCC_WARN_UNUSED_VARIABLE = YES;
				IPHONEOS_DEPLOYMENT_TARGET = 15.0;
				MTL_ENABLE_DEBUG_INFO = NO;
				MTL_FAST_MATH = YES;
				SDKROOT = iphoneos;
				SWIFT_COMPILATION_MODE = wholemodule;
				SWIFT_OPTIMIZATION_LEVEL = "-O";
				VALIDATE_PRODUCT = YES;
			};
			name = Release;
		};
		069CDA60273C09BB00F16662 /* Debug */ = {
			isa = XCBuildConfiguration;
			buildSettings = {
				ASSETCATALOG_COMPILER_APPICON_NAME = AppIcon;
				ASSETCATALOG_COMPILER_GLOBAL_ACCENT_COLOR_NAME = AccentColor;
				CODE_SIGN_STYLE = Automatic;
				CURRENT_PROJECT_VERSION = 1;
				DEVELOPMENT_TEAM = 225AXALHQ4;
				GENERATE_INFOPLIST_FILE = YES;
				INFOPLIST_FILE = Schingen/Info.plist;
				INFOPLIST_KEY_NSAppleMusicUsageDescription = "Plase allow acces to select a photo for your profile.";
				INFOPLIST_KEY_NSCameraUsageDescription = "Please allow acces to take a profile picture.";
				INFOPLIST_KEY_UIApplicationSupportsIndirectInputEvents = YES;
				INFOPLIST_KEY_UILaunchStoryboardName = LaunchScreen;
				INFOPLIST_KEY_UIMainStoryboardFile = Main;
				INFOPLIST_KEY_UISupportedInterfaceOrientations = UIInterfaceOrientationPortrait;
				INFOPLIST_KEY_UISupportedInterfaceOrientations_iPad = "UIInterfaceOrientationPortrait UIInterfaceOrientationPortraitUpsideDown";
				INFOPLIST_KEY_UISupportedInterfaceOrientations_iPhone = "UIInterfaceOrientationPortrait UIInterfaceOrientationLandscapeLeft UIInterfaceOrientationLandscapeRight";
				LD_RUNPATH_SEARCH_PATHS = (
					"$(inherited)",
					"@executable_path/Frameworks",
				);
				MARKETING_VERSION = 1.0;
				PRODUCT_BUNDLE_IDENTIFIER = com.ozanbarisgunaydin.Schingen;
				PRODUCT_NAME = "$(TARGET_NAME)";
				SWIFT_EMIT_LOC_STRINGS = YES;
				SWIFT_VERSION = 5.0;
				TARGETED_DEVICE_FAMILY = "1,2";
			};
			name = Debug;
		};
		069CDA61273C09BB00F16662 /* Release */ = {
			isa = XCBuildConfiguration;
			buildSettings = {
				ASSETCATALOG_COMPILER_APPICON_NAME = AppIcon;
				ASSETCATALOG_COMPILER_GLOBAL_ACCENT_COLOR_NAME = AccentColor;
				CODE_SIGN_STYLE = Automatic;
				CURRENT_PROJECT_VERSION = 1;
				DEVELOPMENT_TEAM = 225AXALHQ4;
				GENERATE_INFOPLIST_FILE = YES;
				INFOPLIST_FILE = Schingen/Info.plist;
				INFOPLIST_KEY_NSAppleMusicUsageDescription = "Plase allow acces to select a photo for your profile.";
				INFOPLIST_KEY_NSCameraUsageDescription = "Please allow acces to take a profile picture.";
				INFOPLIST_KEY_UIApplicationSupportsIndirectInputEvents = YES;
				INFOPLIST_KEY_UILaunchStoryboardName = LaunchScreen;
				INFOPLIST_KEY_UIMainStoryboardFile = Main;
				INFOPLIST_KEY_UISupportedInterfaceOrientations = UIInterfaceOrientationPortrait;
				INFOPLIST_KEY_UISupportedInterfaceOrientations_iPad = "UIInterfaceOrientationPortrait UIInterfaceOrientationPortraitUpsideDown";
				INFOPLIST_KEY_UISupportedInterfaceOrientations_iPhone = "UIInterfaceOrientationPortrait UIInterfaceOrientationLandscapeLeft UIInterfaceOrientationLandscapeRight";
				LD_RUNPATH_SEARCH_PATHS = (
					"$(inherited)",
					"@executable_path/Frameworks",
				);
				MARKETING_VERSION = 1.0;
				PRODUCT_BUNDLE_IDENTIFIER = com.ozanbarisgunaydin.Schingen;
				PRODUCT_NAME = "$(TARGET_NAME)";
				SWIFT_EMIT_LOC_STRINGS = YES;
				SWIFT_VERSION = 5.0;
				TARGETED_DEVICE_FAMILY = "1,2";
			};
			name = Release;
		};
/* End XCBuildConfiguration section */

/* Begin XCConfigurationList section */
		069CDA46273C09BA00F16662 /* Build configuration list for PBXProject "Schingen" */ = {
			isa = XCConfigurationList;
			buildConfigurations = (
				069CDA5D273C09BB00F16662 /* Debug */,
				069CDA5E273C09BB00F16662 /* Release */,
			);
			defaultConfigurationIsVisible = 0;
			defaultConfigurationName = Release;
		};
		069CDA5F273C09BB00F16662 /* Build configuration list for PBXNativeTarget "Schingen" */ = {
			isa = XCConfigurationList;
			buildConfigurations = (
				069CDA60273C09BB00F16662 /* Debug */,
				069CDA61273C09BB00F16662 /* Release */,
			);
			defaultConfigurationIsVisible = 0;
			defaultConfigurationName = Release;
		};
/* End XCConfigurationList section */
	};
	rootObject = 069CDA43273C09BA00F16662 /* Project object */;
}
